
Microsoft Visual Studio Solution File, Format Version 12.00
# Visual Studio Version 17
VisualStudioVersion = 17.7.34018.315
MinimumVisualStudioVersion = 10.0.40219.1
Project("{FAE04EC0-301F-11D3-BF4B-00C04F79EFBC}") = "Homework2", "Homework2\Homework2.csproj", "{F836527E-2057-4A68-85FC-6C6AF94296F4}"
EndProject
Global
	GlobalSection(SolutionConfigurationPlatforms) = preSolution
		Debug|Any CPU = Debug|Any CPU
		Release|Any CPU = Release|Any CPU
	EndGlobalSection
	GlobalSection(ProjectConfigurationPlatforms) = postSolution
		{F836527E-2057-4A68-85FC-6C6AF94296F4}.Debug|Any CPU.ActiveCfg = Debug|Any CPU
		{F836527E-2057-4A68-85FC-6C6AF94296F4}.Debug|Any CPU.Build.0 = Debug|Any CPU
		{F836527E-2057-4A68-85FC-6C6AF94296F4}.Release|Any CPU.ActiveCfg = Release|Any CPU
		{F836527E-2057-4A68-85FC-6C6AF94296F4}.Release|Any CPU.Build.0 = Release|Any CPU
	EndGlobalSection
	GlobalSection(SolutionProperties) = preSolution
		HideSolutionNode = FALSE
	EndGlobalSection
	GlobalSection(ExtensibilityGlobals) = postSolution
		SolutionGuid = {A430A059-F247-42E0-893B-B75B633361B2}
	EndGlobalSection
EndGlobal
